// !$*UTF8*$!
{
	archiveVersion = 1;
	classes = {
	};
	objectVersion = 56;
	objects = {

/* Begin PBXBuildFile section */
		790F5B042C3D72AB007E154D /* FlowerGOApp.swift in Sources */ = {isa = PBXBuildFile; fileRef = 790F5B032C3D72AB007E154D /* FlowerGOApp.swift */; };
		790F5B062C3D72AB007E154D /* ContentView.swift in Sources */ = {isa = PBXBuildFile; fileRef = 790F5B052C3D72AB007E154D /* ContentView.swift */; };
		790F5B082C3D72AD007E154D /* Assets.xcassets in Resources */ = {isa = PBXBuildFile; fileRef = 790F5B072C3D72AD007E154D /* Assets.xcassets */; };
		790F5B0B2C3D72AD007E154D /* Preview Assets.xcassets in Resources */ = {isa = PBXBuildFile; fileRef = 790F5B0A2C3D72AD007E154D /* Preview Assets.xcassets */; };
		790F5B0D2C3D72AD007E154D /* Persistence.swift in Sources */ = {isa = PBXBuildFile; fileRef = 790F5B0C2C3D72AD007E154D /* Persistence.swift */; };
		790F5B102C3D72AD007E154D /* FlowerGO.xcdatamodeld in Sources */ = {isa = PBXBuildFile; fileRef = 790F5B0E2C3D72AD007E154D /* FlowerGO.xcdatamodeld */; };
		790F5B1A2C3D72AE007E154D /* FlowerGOTests.swift in Sources */ = {isa = PBXBuildFile; fileRef = 790F5B192C3D72AE007E154D /* FlowerGOTests.swift */; };
		790F5B242C3D72AE007E154D /* FlowerGOUITests.swift in Sources */ = {isa = PBXBuildFile; fileRef = 790F5B232C3D72AE007E154D /* FlowerGOUITests.swift */; };
		790F5B262C3D72AE007E154D /* FlowerGOUITestsLaunchTests.swift in Sources */ = {isa = PBXBuildFile; fileRef = 790F5B252C3D72AE007E154D /* FlowerGOUITestsLaunchTests.swift */; };
/* End PBXBuildFile section */

/* Begin PBXContainerItemProxy section */
		790F5B162C3D72AE007E154D /* PBXContainerItemProxy */ = {
			isa = PBXContainerItemProxy;
			containerPortal = 790F5AF82C3D72AB007E154D /* Project object */;
			proxyType = 1;
			remoteGlobalIDString = 790F5AFF2C3D72AB007E154D;
			remoteInfo = FlowerGO;
		};
		790F5B202C3D72AE007E154D /* PBXContainerItemProxy */ = {
			isa = PBXContainerItemProxy;
			containerPortal = 790F5AF82C3D72AB007E154D /* Project object */;
			proxyType = 1;
			remoteGlobalIDString = 790F5AFF2C3D72AB007E154D;
			remoteInfo = FlowerGO;
		};
/* End PBXContainerItemProxy section */

/* Begin PBXFileReference section */
		790F5B002C3D72AB007E154D /* FlowerGO.app */ = {isa = PBXFileReference; explicitFileType = wrapper.application; includeInIndex = 0; path = FlowerGO.app; sourceTree = BUILT_PRODUCTS_DIR; };
		790F5B032C3D72AB007E154D /* FlowerGOApp.swift */ = {isa = PBXFileReference; lastKnownFileType = sourcecode.swift; path = FlowerGOApp.swift; sourceTree = "<group>"; };
		790F5B052C3D72AB007E154D /* ContentView.swift */ = {isa = PBXFileReference; lastKnownFileType = sourcecode.swift; path = ContentView.swift; sourceTree = "<group>"; };
		790F5B072C3D72AD007E154D /* Assets.xcassets */ = {isa = PBXFileReference; lastKnownFileType = folder.assetcatalog; path = Assets.xcassets; sourceTree = "<group>"; };
		790F5B0A2C3D72AD007E154D /* Preview Assets.xcassets */ = {isa = PBXFileReference; lastKnownFileType = folder.assetcatalog; path = "Preview Assets.xcassets"; sourceTree = "<group>"; };
		790F5B0C2C3D72AD007E154D /* Persistence.swift */ = {isa = PBXFileReference; lastKnownFileType = sourcecode.swift; path = Persistence.swift; sourceTree = "<group>"; };
		790F5B0F2C3D72AD007E154D /* FlowerGO.xcdatamodel */ = {isa = PBXFileReference; lastKnownFileType = wrapper.xcdatamodel; path = FlowerGO.xcdatamodel; sourceTree = "<group>"; };
		790F5B152C3D72AE007E154D /* FlowerGOTests.xctest */ = {isa = PBXFileReference; explicitFileType = wrapper.cfbundle; includeInIndex = 0; path = FlowerGOTests.xctest; sourceTree = BUILT_PRODUCTS_DIR; };
		790F5B192C3D72AE007E154D /* FlowerGOTests.swift */ = {isa = PBXFileReference; lastKnownFileType = sourcecode.swift; path = FlowerGOTests.swift; sourceTree = "<group>"; };
		790F5B1F2C3D72AE007E154D /* FlowerGOUITests.xctest */ = {isa = PBXFileReference; explicitFileType = wrapper.cfbundle; includeInIndex = 0; path = FlowerGOUITests.xctest; sourceTree = BUILT_PRODUCTS_DIR; };
		790F5B232C3D72AE007E154D /* FlowerGOUITests.swift */ = {isa = PBXFileReference; lastKnownFileType = sourcecode.swift; path = FlowerGOUITests.swift; sourceTree = "<group>"; };
		790F5B252C3D72AE007E154D /* FlowerGOUITestsLaunchTests.swift */ = {isa = PBXFileReference; lastKnownFileType = sourcecode.swift; path = FlowerGOUITestsLaunchTests.swift; sourceTree = "<group>"; };
/* End PBXFileReference section */

/* Begin PBXFrameworksBuildPhase section */
		790F5AFD2C3D72AB007E154D /* Frameworks */ = {
			isa = PBXFrameworksBuildPhase;
			buildActionMask = 2147483647;
			files = (
			);
			runOnlyForDeploymentPostprocessing = 0;
		};
		790F5B122C3D72AE007E154D /* Frameworks */ = {
			isa = PBXFrameworksBuildPhase;
			buildActionMask = 2147483647;
			files = (
			);
			runOnlyForDeploymentPostprocessing = 0;
		};
		790F5B1C2C3D72AE007E154D /* Frameworks */ = {
			isa = PBXFrameworksBuildPhase;
			buildActionMask = 2147483647;
			files = (
			);
			runOnlyForDeploymentPostprocessing = 0;
		};
/* End PBXFrameworksBuildPhase section */

/* Begin PBXGroup section */
		790F5AF72C3D72AB007E154D = {
			isa = PBXGroup;
			children = (
				790F5B022C3D72AB007E154D /* FlowerGO */,
				790F5B182C3D72AE007E154D /* FlowerGOTests */,
				790F5B222C3D72AE007E154D /* FlowerGOUITests */,
				790F5B012C3D72AB007E154D /* Products */,
			);
			sourceTree = "<group>";
		};
		790F5B012C3D72AB007E154D /* Products */ = {
			isa = PBXGroup;
			children = (
				790F5B002C3D72AB007E154D /* FlowerGO.app */,
				790F5B152C3D72AE007E154D /* FlowerGOTests.xctest */,
				790F5B1F2C3D72AE007E154D /* FlowerGOUITests.xctest */,
			);
			name = Products;
			sourceTree = "<group>";
		};
		790F5B022C3D72AB007E154D /* FlowerGO */ = {
			isa = PBXGroup;
			children = (
				790F5B032C3D72AB007E154D /* FlowerGOApp.swift */,
				790F5B052C3D72AB007E154D /* ContentView.swift */,
				790F5B072C3D72AD007E154D /* Assets.xcassets */,
				790F5B0C2C3D72AD007E154D /* Persistence.swift */,
				790F5B0E2C3D72AD007E154D /* FlowerGO.xcdatamodeld */,
				790F5B092C3D72AD007E154D /* Preview Content */,
			);
			path = FlowerGO;
			sourceTree = "<group>";
		};
		790F5B092C3D72AD007E154D /* Preview Content */ = {
			isa = PBXGroup;
			children = (
				790F5B0A2C3D72AD007E154D /* Preview Assets.xcassets */,
			);
			path = "Preview Content";
			sourceTree = "<group>";
		};
		790F5B182C3D72AE007E154D /* FlowerGOTests */ = {
			isa = PBXGroup;
			children = (
				790F5B192C3D72AE007E154D /* FlowerGOTests.swift */,
			);
			path = FlowerGOTests;
			sourceTree = "<group>";
		};
		790F5B222C3D72AE007E154D /* FlowerGOUITests */ = {
			isa = PBXGroup;
			children = (
				790F5B232C3D72AE007E154D /* FlowerGOUITests.swift */,
				790F5B252C3D72AE007E154D /* FlowerGOUITestsLaunchTests.swift */,
			);
			path = FlowerGOUITests;
			sourceTree = "<group>";
		};
/* End PBXGroup section */

/* Begin PBXNativeTarget section */
		790F5AFF2C3D72AB007E154D /* FlowerGO */ = {
			isa = PBXNativeTarget;
			buildConfigurationList = 790F5B292C3D72AE007E154D /* Build configuration list for PBXNativeTarget "FlowerGO" */;
			buildPhases = (
				790F5AFC2C3D72AB007E154D /* Sources */,
				790F5AFD2C3D72AB007E154D /* Frameworks */,
				790F5AFE2C3D72AB007E154D /* Resources */,
			);
			buildRules = (
			);
			dependencies = (
			);
			name = FlowerGO;
			productName = FlowerGO;
			productReference = 790F5B002C3D72AB007E154D /* FlowerGO.app */;
			productType = "com.apple.product-type.application";
		};
		790F5B142C3D72AE007E154D /* FlowerGOTests */ = {
			isa = PBXNativeTarget;
			buildConfigurationList = 790F5B2C2C3D72AE007E154D /* Build configuration list for PBXNativeTarget "FlowerGOTests" */;
			buildPhases = (
				790F5B112C3D72AE007E154D /* Sources */,
				790F5B122C3D72AE007E154D /* Frameworks */,
				790F5B132C3D72AE007E154D /* Resources */,
			);
			buildRules = (
			);
			dependencies = (
				790F5B172C3D72AE007E154D /* PBXTargetDependency */,
			);
			name = FlowerGOTests;
			productName = FlowerGOTests;
			productReference = 790F5B152C3D72AE007E154D /* FlowerGOTests.xctest */;
			productType = "com.apple.product-type.bundle.unit-test";
		};
		790F5B1E2C3D72AE007E154D /* FlowerGOUITests */ = {
			isa = PBXNativeTarget;
			buildConfigurationList = 790F5B2F2C3D72AE007E154D /* Build configuration list for PBXNativeTarget "FlowerGOUITests" */;
			buildPhases = (
				790F5B1B2C3D72AE007E154D /* Sources */,
				790F5B1C2C3D72AE007E154D /* Frameworks */,
				790F5B1D2C3D72AE007E154D /* Resources */,
			);
			buildRules = (
			);
			dependencies = (
				790F5B212C3D72AE007E154D /* PBXTargetDependency */,
			);
			name = FlowerGOUITests;
			productName = FlowerGOUITests;
			productReference = 790F5B1F2C3D72AE007E154D /* FlowerGOUITests.xctest */;
			productType = "com.apple.product-type.bundle.ui-testing";
		};
/* End PBXNativeTarget section */

/* Begin PBXProject section */
		790F5AF82C3D72AB007E154D /* Project object */ = {
			isa = PBXProject;
			attributes = {
				BuildIndependentTargetsInParallel = 1;
				LastSwiftUpdateCheck = 1540;
				LastUpgradeCheck = 1540;
				TargetAttributes = {
					790F5AFF2C3D72AB007E154D = {
						CreatedOnToolsVersion = 15.4;
					};
					790F5B142C3D72AE007E154D = {
						CreatedOnToolsVersion = 15.4;
						TestTargetID = 790F5AFF2C3D72AB007E154D;
					};
					790F5B1E2C3D72AE007E154D = {
						CreatedOnToolsVersion = 15.4;
						TestTargetID = 790F5AFF2C3D72AB007E154D;
					};
				};
			};
			buildConfigurationList = 790F5AFB2C3D72AB007E154D /* Build configuration list for PBXProject "FlowerGO" */;
			compatibilityVersion = "Xcode 14.0";
			developmentRegion = en;
			hasScannedForEncodings = 0;
			knownRegions = (
				en,
				Base,
			);
			mainGroup = 790F5AF72C3D72AB007E154D;
			productRefGroup = 790F5B012C3D72AB007E154D /* Products */;
			projectDirPath = "";
			projectRoot = "";
			targets = (
				790F5AFF2C3D72AB007E154D /* FlowerGO */,
				790F5B142C3D72AE007E154D /* FlowerGOTests */,
				790F5B1E2C3D72AE007E154D /* FlowerGOUITests */,
			);
		};
/* End PBXProject section */

/* Begin PBXResourcesBuildPhase section */
		790F5AFE2C3D72AB007E154D /* Resources */ = {
			isa = PBXResourcesBuildPhase;
			buildActionMask = 2147483647;
			files = (
				790F5B0B2C3D72AD007E154D /* Preview Assets.xcassets in Resources */,
				790F5B082C3D72AD007E154D /* Assets.xcassets in Resources */,
			);
			runOnlyForDeploymentPostprocessing = 0;
		};
		790F5B132C3D72AE007E154D /* Resources */ = {
			isa = PBXResourcesBuildPhase;
			buildActionMask = 2147483647;
			files = (
			);
			runOnlyForDeploymentPostprocessing = 0;
		};
		790F5B1D2C3D72AE007E154D /* Resources */ = {
			isa = PBXResourcesBuildPhase;
			buildActionMask = 2147483647;
			files = (
			);
			runOnlyForDeploymentPostprocessing = 0;
		};
/* End PBXResourcesBuildPhase section */

/* Begin PBXSourcesBuildPhase section */
		790F5AFC2C3D72AB007E154D /* Sources */ = {
			isa = PBXSourcesBuildPhase;
			buildActionMask = 2147483647;
			files = (
				790F5B0D2C3D72AD007E154D /* Persistence.swift in Sources */,
				790F5B062C3D72AB007E154D /* ContentView.swift in Sources */,
				790F5B102C3D72AD007E154D /* FlowerGO.xcdatamodeld in Sources */,
				790F5B042C3D72AB007E154D /* FlowerGOApp.swift in Sources */,
			);
			runOnlyForDeploymentPostprocessing = 0;
		};
		790F5B112C3D72AE007E154D /* Sources */ = {
			isa = PBXSourcesBuildPhase;
			buildActionMask = 2147483647;
			files = (
				790F5B1A2C3D72AE007E154D /* FlowerGOTests.swift in Sources */,
			);
			runOnlyForDeploymentPostprocessing = 0;
		};
		790F5B1B2C3D72AE007E154D /* Sources */ = {
			isa = PBXSourcesBuildPhase;
			buildActionMask = 2147483647;
			files = (
				790F5B262C3D72AE007E154D /* FlowerGOUITestsLaunchTests.swift in Sources */,
				790F5B242C3D72AE007E154D /* FlowerGOUITests.swift in Sources */,
			);
			runOnlyForDeploymentPostprocessing = 0;
		};
/* End PBXSourcesBuildPhase section */

/* Begin PBXTargetDependency section */
		790F5B172C3D72AE007E154D /* PBXTargetDependency */ = {
			isa = PBXTargetDependency;
			target = 790F5AFF2C3D72AB007E154D /* FlowerGO */;
			targetProxy = 790F5B162C3D72AE007E154D /* PBXContainerItemProxy */;
		};
		790F5B212C3D72AE007E154D /* PBXTargetDependency */ = {
			isa = PBXTargetDependency;
			target = 790F5AFF2C3D72AB007E154D /* FlowerGO */;
			targetProxy = 790F5B202C3D72AE007E154D /* PBXContainerItemProxy */;
		};
/* End PBXTargetDependency section */

/* Begin XCBuildConfiguration section */
		790F5B272C3D72AE007E154D /* Debug */ = {
			isa = XCBuildConfiguration;
			buildSettings = {
				ALWAYS_SEARCH_USER_PATHS = NO;
				ASSETCATALOG_COMPILER_GENERATE_SWIFT_ASSET_SYMBOL_EXTENSIONS = YES;
				CLANG_ANALYZER_NONNULL = YES;
				CLANG_ANALYZER_NUMBER_OBJECT_CONVERSION = YES_AGGRESSIVE;
				CLANG_CXX_LANGUAGE_STANDARD = "gnu++20";
				CLANG_ENABLE_MODULES = YES;
				CLANG_ENABLE_OBJC_ARC = YES;
				CLANG_ENABLE_OBJC_WEAK = YES;
				CLANG_WARN_BLOCK_CAPTURE_AUTORELEASING = YES;
				CLANG_WARN_BOOL_CONVERSION = YES;
				CLANG_WARN_COMMA = YES;
				CLANG_WARN_CONSTANT_CONVERSION = YES;
				CLANG_WARN_DEPRECATED_OBJC_IMPLEMENTATIONS = YES;
				CLANG_WARN_DIRECT_OBJC_ISA_USAGE = YES_ERROR;
				CLANG_WARN_DOCUMENTATION_COMMENTS = YES;
				CLANG_WARN_EMPTY_BODY = YES;
				CLANG_WARN_ENUM_CONVERSION = YES;
				CLANG_WARN_INFINITE_RECURSION = YES;
				CLANG_WARN_INT_CONVERSION = YES;
				CLANG_WARN_NON_LITERAL_NULL_CONVERSION = YES;
				CLANG_WARN_OBJC_IMPLICIT_RETAIN_SELF = YES;
				CLANG_WARN_OBJC_LITERAL_CONVERSION = YES;
				CLANG_WARN_OBJC_ROOT_CLASS = YES_ERROR;
				CLANG_WARN_QUOTED_INCLUDE_IN_FRAMEWORK_HEADER = YES;
				CLANG_WARN_RANGE_LOOP_ANALYSIS = YES;
				CLANG_WARN_STRICT_PROTOTYPES = YES;
				CLANG_WARN_SUSPICIOUS_MOVE = YES;
				CLANG_WARN_UNGUARDED_AVAILABILITY = YES_AGGRESSIVE;
				CLANG_WARN_UNREACHABLE_CODE = YES;
				CLANG_WARN__DUPLICATE_METHOD_MATCH = YES;
				COPY_PHASE_STRIP = NO;
				DEBUG_INFORMATION_FORMAT = dwarf;
				ENABLE_STRICT_OBJC_MSGSEND = YES;
				ENABLE_TESTABILITY = YES;
				ENABLE_USER_SCRIPT_SANDBOXING = YES;
				GCC_C_LANGUAGE_STANDARD = gnu17;
				GCC_DYNAMIC_NO_PIC = NO;
				GCC_NO_COMMON_BLOCKS = YES;
				GCC_OPTIMIZATION_LEVEL = 0;
				GCC_PREPROCESSOR_DEFINITIONS = (
					"DEBUG=1",
					"$(inherited)",
				);
				GCC_WARN_64_TO_32_BIT_CONVERSION = YES;
				GCC_WARN_ABOUT_RETURN_TYPE = YES_ERROR;
				GCC_WARN_UNDECLARED_SELECTOR = YES;
				GCC_WARN_UNINITIALIZED_AUTOS = YES_AGGRESSIVE;
				GCC_WARN_UNUSED_FUNCTION = YES;
				GCC_WARN_UNUSED_VARIABLE = YES;
				IPHONEOS_DEPLOYMENT_TARGET = 17.5;
				LOCALIZATION_PREFERS_STRING_CATALOGS = YES;
				MTL_ENABLE_DEBUG_INFO = INCLUDE_SOURCE;
				MTL_FAST_MATH = YES;
				ONLY_ACTIVE_ARCH = YES;
				SDKROOT = iphoneos;
				SWIFT_ACTIVE_COMPILATION_CONDITIONS = "DEBUG $(inherited)";
				SWIFT_OPTIMIZATION_LEVEL = "-Onone";
			};
			name = Debug;
		};
		790F5B282C3D72AE007E154D /* Release */ = {
			isa = XCBuildConfiguration;
			buildSettings = {
				ALWAYS_SEARCH_USER_PATHS = NO;
				ASSETCATALOG_COMPILER_GENERATE_SWIFT_ASSET_SYMBOL_EXTENSIONS = YES;
				CLANG_ANALYZER_NONNULL = YES;
				CLANG_ANALYZER_NUMBER_OBJECT_CONVERSION = YES_AGGRESSIVE;
				CLANG_CXX_LANGUAGE_STANDARD = "gnu++20";
				CLANG_ENABLE_MODULES = YES;
				CLANG_ENABLE_OBJC_ARC = YES;
				CLANG_ENABLE_OBJC_WEAK = YES;
				CLANG_WARN_BLOCK_CAPTURE_AUTORELEASING = YES;
				CLANG_WARN_BOOL_CONVERSION = YES;
				CLANG_WARN_COMMA = YES;
				CLANG_WARN_CONSTANT_CONVERSION = YES;
				CLANG_WARN_DEPRECATED_OBJC_IMPLEMENTATIONS = YES;
				CLANG_WARN_DIRECT_OBJC_ISA_USAGE = YES_ERROR;
				CLANG_WARN_DOCUMENTATION_COMMENTS = YES;
				CLANG_WARN_EMPTY_BODY = YES;
				CLANG_WARN_ENUM_CONVERSION = YES;
				CLANG_WARN_INFINITE_RECURSION = YES;
				CLANG_WARN_INT_CONVERSION = YES;
				CLANG_WARN_NON_LITERAL_NULL_CONVERSION = YES;
				CLANG_WARN_OBJC_IMPLICIT_RETAIN_SELF = YES;
				CLANG_WARN_OBJC_LITERAL_CONVERSION = YES;
				CLANG_WARN_OBJC_ROOT_CLASS = YES_ERROR;
				CLANG_WARN_QUOTED_INCLUDE_IN_FRAMEWORK_HEADER = YES;
				CLANG_WARN_RANGE_LOOP_ANALYSIS = YES;
				CLANG_WARN_STRICT_PROTOTYPES = YES;
				CLANG_WARN_SUSPICIOUS_MOVE = YES;
				CLANG_WARN_UNGUARDED_AVAILABILITY = YES_AGGRESSIVE;
				CLANG_WARN_UNREACHABLE_CODE = YES;
				CLANG_WARN__DUPLICATE_METHOD_MATCH = YES;
				COPY_PHASE_STRIP = NO;
				DEBUG_INFORMATION_FORMAT = "dwarf-with-dsym";
				ENABLE_NS_ASSERTIONS = NO;
				ENABLE_STRICT_OBJC_MSGSEND = YES;
				ENABLE_USER_SCRIPT_SANDBOXING = YES;
				GCC_C_LANGUAGE_STANDARD = gnu17;
				GCC_NO_COMMON_BLOCKS = YES;
				GCC_WARN_64_TO_32_BIT_CONVERSION = YES;
				GCC_WARN_ABOUT_RETURN_TYPE = YES_ERROR;
				GCC_WARN_UNDECLARED_SELECTOR = YES;
				GCC_WARN_UNINITIALIZED_AUTOS = YES_AGGRESSIVE;
				GCC_WARN_UNUSED_FUNCTION = YES;
				GCC_WARN_UNUSED_VARIABLE = YES;
				IPHONEOS_DEPLOYMENT_TARGET = 17.5;
				LOCALIZATION_PREFERS_STRING_CATALOGS = YES;
				MTL_ENABLE_DEBUG_INFO = NO;
				MTL_FAST_MATH = YES;
				SDKROOT = iphoneos;
				SWIFT_COMPILATION_MODE = wholemodule;
				VALIDATE_PRODUCT = YES;
			};
			name = Release;
		};
		790F5B2A2C3D72AE007E154D /* Debug */ = {
			isa = XCBuildConfiguration;
			buildSettings = {
				ASSETCATALOG_COMPILER_APPICON_NAME = AppIcon;
				ASSETCATALOG_COMPILER_GLOBAL_ACCENT_COLOR_NAME = AccentColor;
				CODE_SIGN_STYLE = Automatic;
				CURRENT_PROJECT_VERSION = 1;
				DEVELOPMENT_ASSET_PATHS = "\"FlowerGO/Preview Content\"";
				DEVELOPMENT_TEAM = 329GHPFY8A;
				ENABLE_PREVIEWS = YES;
				GENERATE_INFOPLIST_FILE = YES;
				INFOPLIST_KEY_UIApplicationSceneManifest_Generation = YES;
				INFOPLIST_KEY_UIApplicationSupportsIndirectInputEvents = YES;
				INFOPLIST_KEY_UILaunchScreen_Generation = YES;
				INFOPLIST_KEY_UISupportedInterfaceOrientations_iPad = "UIInterfaceOrientationPortrait UIInterfaceOrientationPortraitUpsideDown UIInterfaceOrientationLandscapeLeft UIInterfaceOrientationLandscapeRight";
				INFOPLIST_KEY_UISupportedInterfaceOrientations_iPhone = "UIInterfaceOrientationPortrait UIInterfaceOrientationLandscapeLeft UIInterfaceOrientationLandscapeRight";
				LD_RUNPATH_SEARCH_PATHS = (
					"$(inherited)",
					"@executable_path/Frameworks",
				);
				MARKETING_VERSION = 1.0;
				PRODUCT_BUNDLE_IDENTIFIER = com.pgyy.FlowerGO;
				PRODUCT_NAME = "$(TARGET_NAME)";
				SWIFT_EMIT_LOC_STRINGS = YES;
				SWIFT_VERSION = 5.0;
				TARGETED_DEVICE_FAMILY = "1,2";
			};
			name = Debug;
		};
		790F5B2B2C3D72AE007E154D /* Release */ = {
			isa = XCBuildConfiguration;
			buildSettings = {
				ASSETCATALOG_COMPILER_APPICON_NAME = AppIcon;
				ASSETCATALOG_COMPILER_GLOBAL_ACCENT_COLOR_NAME = AccentColor;
				CODE_SIGN_STYLE = Automatic;
				CURRENT_PROJECT_VERSION = 1;
				DEVELOPMENT_ASSET_PATHS = "\"FlowerGO/Preview Content\"";
				DEVELOPMENT_TEAM = 329GHPFY8A;
				ENABLE_PREVIEWS = YES;
				GENERATE_INFOPLIST_FILE = YES;
				INFOPLIST_KEY_UIApplicationSceneManifest_Generation = YES;
				INFOPLIST_KEY_UIApplicationSupportsIndirectInputEvents = YES;
				INFOPLIST_KEY_UILaunchScreen_Generation = YES;
				INFOPLIST_KEY_UISupportedInterfaceOrientations_iPad = "UIInterfaceOrientationPortrait UIInterfaceOrientationPortraitUpsideDown UIInterfaceOrientationLandscapeLeft UIInterfaceOrientationLandscapeRight";
				INFOPLIST_KEY_UISupportedInterfaceOrientations_iPhone = "UIInterfaceOrientationPortrait UIInterfaceOrientationLandscapeLeft UIInterfaceOrientationLandscapeRight";
				LD_RUNPATH_SEARCH_PATHS = (
					"$(inherited)",
					"@executable_path/Frameworks",
				);
				MARKETING_VERSION = 1.0;
				PRODUCT_BUNDLE_IDENTIFIER = com.pgyy.FlowerGO;
				PRODUCT_NAME = "$(TARGET_NAME)";
				SWIFT_EMIT_LOC_STRINGS = YES;
				SWIFT_VERSION = 5.0;
				TARGETED_DEVICE_FAMILY = "1,2";
			};
			name = Release;
		};
		790F5B2D2C3D72AE007E154D /* Debug */ = {
			isa = XCBuildConfiguration;
			buildSettings = {
				ALWAYS_EMBED_SWIFT_STANDARD_LIBRARIES = YES;
				BUNDLE_LOADER = "$(TEST_HOST)";
				CODE_SIGN_STYLE = Automatic;
				CURRENT_PROJECT_VERSION = 1;
				DEVELOPMENT_TEAM = 329GHPFY8A;
				GENERATE_INFOPLIST_FILE = YES;
				IPHONEOS_DEPLOYMENT_TARGET = 17.5;
				MARKETING_VERSION = 1.0;
				PRODUCT_BUNDLE_IDENTIFIER = com.pgyy.FlowerGOTests;
				PRODUCT_NAME = "$(TARGET_NAME)";
				SWIFT_EMIT_LOC_STRINGS = NO;
				SWIFT_VERSION = 5.0;
				TARGETED_DEVICE_FAMILY = "1,2";
				TEST_HOST = "$(BUILT_PRODUCTS_DIR)/FlowerGO.app/$(BUNDLE_EXECUTABLE_FOLDER_PATH)/FlowerGO";
			};
			name = Debug;
		};
		790F5B2E2C3D72AE007E154D /* Release */ = {
			isa = XCBuildConfiguration;
			buildSettings = {
				ALWAYS_EMBED_SWIFT_STANDARD_LIBRARIES = YES;
				BUNDLE_LOADER = "$(TEST_HOST)";
				CODE_SIGN_STYLE = Automatic;
				CURRENT_PROJECT_VERSION = 1;
				DEVELOPMENT_TEAM = 329GHPFY8A;
				GENERATE_INFOPLIST_FILE = YES;
				IPHONEOS_DEPLOYMENT_TARGET = 17.5;
				MARKETING_VERSION = 1.0;
				PRODUCT_BUNDLE_IDENTIFIER = com.pgyy.FlowerGOTests;
				PRODUCT_NAME = "$(TARGET_NAME)";
				SWIFT_EMIT_LOC_STRINGS = NO;
				SWIFT_VERSION = 5.0;
				TARGETED_DEVICE_FAMILY = "1,2";
				TEST_HOST = "$(BUILT_PRODUCTS_DIR)/FlowerGO.app/$(BUNDLE_EXECUTABLE_FOLDER_PATH)/FlowerGO";
			};
			name = Release;
		};
		790F5B302C3D72AE007E154D /* Debug */ = {
			isa = XCBuildConfiguration;
			buildSettings = {
				ALWAYS_EMBED_SWIFT_STANDARD_LIBRARIES = YES;
				CODE_SIGN_STYLE = Automatic;
				CURRENT_PROJECT_VERSION = 1;
				DEVELOPMENT_TEAM = 329GHPFY8A;
				GENERATE_INFOPLIST_FILE = YES;
				MARKETING_VERSION = 1.0;
				PRODUCT_BUNDLE_IDENTIFIER = com.pgyy.FlowerGOUITests;
				PRODUCT_NAME = "$(TARGET_NAME)";
				SWIFT_EMIT_LOC_STRINGS = NO;
				SWIFT_VERSION = 5.0;
				TARGETED_DEVICE_FAMILY = "1,2";
				TEST_TARGET_NAME = FlowerGO;
			};
			name = Debug;
		};
		790F5B312C3D72AE007E154D /* Release */ = {
			isa = XCBuildConfiguration;
			buildSettings = {
				ALWAYS_EMBED_SWIFT_STANDARD_LIBRARIES = YES;
				CODE_SIGN_STYLE = Automatic;
				CURRENT_PROJECT_VERSION = 1;
				DEVELOPMENT_TEAM = 329GHPFY8A;
				GENERATE_INFOPLIST_FILE = YES;
				MARKETING_VERSION = 1.0;
				PRODUCT_BUNDLE_IDENTIFIER = com.pgyy.FlowerGOUITests;
				PRODUCT_NAME = "$(TARGET_NAME)";
				SWIFT_EMIT_LOC_STRINGS = NO;
				SWIFT_VERSION = 5.0;
				TARGETED_DEVICE_FAMILY = "1,2";
				TEST_TARGET_NAME = FlowerGO;
			};
			name = Release;
		};
/* End XCBuildConfiguration section */

/* Begin XCConfigurationList section */
		790F5AFB2C3D72AB007E154D /* Build configuration list for PBXProject "FlowerGO" */ = {
			isa = XCConfigurationList;
			buildConfigurations = (
				790F5B272C3D72AE007E154D /* Debug */,
				790F5B282C3D72AE007E154D /* Release */,
			);
			defaultConfigurationIsVisible = 0;
			defaultConfigurationName = Release;
		};
		790F5B292C3D72AE007E154D /* Build configuration list for PBXNativeTarget "FlowerGO" */ = {
			isa = XCConfigurationList;
			buildConfigurations = (
				790F5B2A2C3D72AE007E154D /* Debug */,
				790F5B2B2C3D72AE007E154D /* Release */,
			);
			defaultConfigurationIsVisible = 0;
			defaultConfigurationName = Release;
		};
		790F5B2C2C3D72AE007E154D /* Build configuration list for PBXNativeTarget "FlowerGOTests" */ = {
			isa = XCConfigurationList;
			buildConfigurations = (
				790F5B2D2C3D72AE007E154D /* Debug */,
				790F5B2E2C3D72AE007E154D /* Release */,
			);
			defaultConfigurationIsVisible = 0;
			defaultConfigurationName = Release;
		};
		790F5B2F2C3D72AE007E154D /* Build configuration list for PBXNativeTarget "FlowerGOUITests" */ = {
			isa = XCConfigurationList;
			buildConfigurations = (
				790F5B302C3D72AE007E154D /* Debug */,
				790F5B312C3D72AE007E154D /* Release */,
			);
			defaultConfigurationIsVisible = 0;
			defaultConfigurationName = Release;
		};
/* End XCConfigurationList section */

/* Begin XCVersionGroup section */
		790F5B0E2C3D72AD007E154D /* FlowerGO.xcdatamodeld */ = {
			isa = XCVersionGroup;
			children = (
				790F5B0F2C3D72AD007E154D /* FlowerGO.xcdatamodel */,
			);
			currentVersion = 790F5B0F2C3D72AD007E154D /* FlowerGO.xcdatamodel */;
			path = FlowerGO.xcdatamodeld;
			sourceTree = "<group>";
			versionGroupType = wrapper.xcdatamodel;
		};
/* End XCVersionGroup section */
	};
	rootObject = 790F5AF82C3D72AB007E154D /* Project object */;
}
